
Microsoft Visual Studio Solution File, Format Version 12.00
# Visual Studio Version 17
VisualStudioVersion = 17.0.31919.166
MinimumVisualStudioVersion = 10.0.40219.1
Project("{FAE04EC0-301F-11D3-BF4B-00C04F79EFBC}") = "Lab16_sharp", "Lab16_sharp\Lab16_sharp.csproj", "{47D0B5FD-9634-46AC-B0B4-E0CBC3E8DCBE}"
EndProject
Global
	GlobalSection(SolutionConfigurationPlatforms) = preSolution
		Debug|Any CPU = Debug|Any CPU
		Release|Any CPU = Release|Any CPU
	EndGlobalSection
	GlobalSection(ProjectConfigurationPlatforms) = postSolution
		{47D0B5FD-9634-46AC-B0B4-E0CBC3E8DCBE}.Debug|Any CPU.ActiveCfg = Debug|Any CPU
		{47D0B5FD-9634-46AC-B0B4-E0CBC3E8DCBE}.Debug|Any CPU.Build.0 = Debug|Any CPU
		{47D0B5FD-9634-46AC-B0B4-E0CBC3E8DCBE}.Release|Any CPU.ActiveCfg = Release|Any CPU
		{47D0B5FD-9634-46AC-B0B4-E0CBC3E8DCBE}.Release|Any CPU.Build.0 = Release|Any CPU
	EndGlobalSection
	GlobalSection(SolutionProperties) = preSolution
		HideSolutionNode = FALSE
	EndGlobalSection
	GlobalSection(ExtensibilityGlobals) = postSolution
		SolutionGuid = {DCB915C6-A2DA-4065-9D9F-664CD996FFF3}
	EndGlobalSection
EndGlobal
