
Microsoft Visual Studio Solution File, Format Version 12.00
# Visual Studio Version 16
VisualStudioVersion = 16.0.31624.102
MinimumVisualStudioVersion = 10.0.40219.1
Project("{FAE04EC0-301F-11D3-BF4B-00C04F79EFBC}") = "Lab10_sharp", "Lab10_sharp\Lab10_sharp.csproj", "{86FBCC4F-EF07-4747-9170-66977068D8E6}"
EndProject
Global
	GlobalSection(SolutionConfigurationPlatforms) = preSolution
		Debug|Any CPU = Debug|Any CPU
		Release|Any CPU = Release|Any CPU
	EndGlobalSection
	GlobalSection(ProjectConfigurationPlatforms) = postSolution
		{86FBCC4F-EF07-4747-9170-66977068D8E6}.Debug|Any CPU.ActiveCfg = Debug|Any CPU
		{86FBCC4F-EF07-4747-9170-66977068D8E6}.Debug|Any CPU.Build.0 = Debug|Any CPU
		{86FBCC4F-EF07-4747-9170-66977068D8E6}.Release|Any CPU.ActiveCfg = Release|Any CPU
		{86FBCC4F-EF07-4747-9170-66977068D8E6}.Release|Any CPU.Build.0 = Release|Any CPU
	EndGlobalSection
	GlobalSection(SolutionProperties) = preSolution
		HideSolutionNode = FALSE
	EndGlobalSection
	GlobalSection(ExtensibilityGlobals) = postSolution
		SolutionGuid = {9610D925-2A16-45C7-9D94-822C1C797669}
	EndGlobalSection
EndGlobal
