
Microsoft Visual Studio Solution File, Format Version 12.00
# Visual Studio Version 16
VisualStudioVersion = 16.0.31624.102
MinimumVisualStudioVersion = 10.0.40219.1
Project("{FAE04EC0-301F-11D3-BF4B-00C04F79EFBC}") = "Lab4_sharp", "Lab4_sharp\Lab4_sharp.csproj", "{8D5AA2AA-B3AF-42AD-A81E-42F658012048}"
EndProject
Global
	GlobalSection(SolutionConfigurationPlatforms) = preSolution
		Debug|Any CPU = Debug|Any CPU
		Release|Any CPU = Release|Any CPU
	EndGlobalSection
	GlobalSection(ProjectConfigurationPlatforms) = postSolution
		{8D5AA2AA-B3AF-42AD-A81E-42F658012048}.Debug|Any CPU.ActiveCfg = Debug|Any CPU
		{8D5AA2AA-B3AF-42AD-A81E-42F658012048}.Debug|Any CPU.Build.0 = Debug|Any CPU
		{8D5AA2AA-B3AF-42AD-A81E-42F658012048}.Release|Any CPU.ActiveCfg = Release|Any CPU
		{8D5AA2AA-B3AF-42AD-A81E-42F658012048}.Release|Any CPU.Build.0 = Release|Any CPU
	EndGlobalSection
	GlobalSection(SolutionProperties) = preSolution
		HideSolutionNode = FALSE
	EndGlobalSection
	GlobalSection(ExtensibilityGlobals) = postSolution
		SolutionGuid = {FAFA8E2D-9DCD-43B8-883F-7F2A5D6BBAC2}
	EndGlobalSection
EndGlobal
