
Microsoft Visual Studio Solution File, Format Version 12.00
# Visual Studio Version 16
VisualStudioVersion = 16.0.29424.173
MinimumVisualStudioVersion = 10.0.40219.1
Project("{FAE04EC0-301F-11D3-BF4B-00C04F79EFBC}") = "Lab2_sharp", "Lab2_sharp\Lab2_sharp.csproj", "{EB59EA55-7673-4BC9-91F7-5D3290D47D4D}"
EndProject
Global
	GlobalSection(SolutionConfigurationPlatforms) = preSolution
		Debug|Any CPU = Debug|Any CPU
		Release|Any CPU = Release|Any CPU
	EndGlobalSection
	GlobalSection(ProjectConfigurationPlatforms) = postSolution
		{EB59EA55-7673-4BC9-91F7-5D3290D47D4D}.Debug|Any CPU.ActiveCfg = Debug|Any CPU
		{EB59EA55-7673-4BC9-91F7-5D3290D47D4D}.Debug|Any CPU.Build.0 = Debug|Any CPU
		{EB59EA55-7673-4BC9-91F7-5D3290D47D4D}.Release|Any CPU.ActiveCfg = Release|Any CPU
		{EB59EA55-7673-4BC9-91F7-5D3290D47D4D}.Release|Any CPU.Build.0 = Release|Any CPU
	EndGlobalSection
	GlobalSection(SolutionProperties) = preSolution
		HideSolutionNode = FALSE
	EndGlobalSection
	GlobalSection(ExtensibilityGlobals) = postSolution
		SolutionGuid = {058C4B57-8CBA-4193-9FF4-23E58563E0B3}
	EndGlobalSection
EndGlobal
