
Microsoft Visual Studio Solution File, Format Version 12.00
# Visual Studio Version 16
VisualStudioVersion = 16.0.31729.503
MinimumVisualStudioVersion = 10.0.40219.1
Project("{FAE04EC0-301F-11D3-BF4B-00C04F79EFBC}") = "Lab14_sharp", "Lab14_sharp\Lab14_sharp.csproj", "{2CD724EE-8CA6-4233-97DB-C77360E0AEDE}"
EndProject
Global
	GlobalSection(SolutionConfigurationPlatforms) = preSolution
		Debug|Any CPU = Debug|Any CPU
		Release|Any CPU = Release|Any CPU
	EndGlobalSection
	GlobalSection(ProjectConfigurationPlatforms) = postSolution
		{2CD724EE-8CA6-4233-97DB-C77360E0AEDE}.Debug|Any CPU.ActiveCfg = Debug|Any CPU
		{2CD724EE-8CA6-4233-97DB-C77360E0AEDE}.Debug|Any CPU.Build.0 = Debug|Any CPU
		{2CD724EE-8CA6-4233-97DB-C77360E0AEDE}.Release|Any CPU.ActiveCfg = Release|Any CPU
		{2CD724EE-8CA6-4233-97DB-C77360E0AEDE}.Release|Any CPU.Build.0 = Release|Any CPU
	EndGlobalSection
	GlobalSection(SolutionProperties) = preSolution
		HideSolutionNode = FALSE
	EndGlobalSection
	GlobalSection(ExtensibilityGlobals) = postSolution
		SolutionGuid = {C5C1034E-73B7-4CA7-8B30-8167A03C443B}
	EndGlobalSection
EndGlobal
