
Microsoft Visual Studio Solution File, Format Version 12.00
# Visual Studio Version 16
VisualStudioVersion = 16.0.31729.503
MinimumVisualStudioVersion = 10.0.40219.1
Project("{FAE04EC0-301F-11D3-BF4B-00C04F79EFBC}") = "Lab9_sharp", "Lab9_sharp\Lab9_sharp.csproj", "{E6CC84A5-EC89-471B-B1BE-85CA30977677}"
EndProject
Global
	GlobalSection(SolutionConfigurationPlatforms) = preSolution
		Debug|Any CPU = Debug|Any CPU
		Release|Any CPU = Release|Any CPU
	EndGlobalSection
	GlobalSection(ProjectConfigurationPlatforms) = postSolution
		{E6CC84A5-EC89-471B-B1BE-85CA30977677}.Debug|Any CPU.ActiveCfg = Debug|Any CPU
		{E6CC84A5-EC89-471B-B1BE-85CA30977677}.Debug|Any CPU.Build.0 = Debug|Any CPU
		{E6CC84A5-EC89-471B-B1BE-85CA30977677}.Release|Any CPU.ActiveCfg = Release|Any CPU
		{E6CC84A5-EC89-471B-B1BE-85CA30977677}.Release|Any CPU.Build.0 = Release|Any CPU
	EndGlobalSection
	GlobalSection(SolutionProperties) = preSolution
		HideSolutionNode = FALSE
	EndGlobalSection
	GlobalSection(ExtensibilityGlobals) = postSolution
		SolutionGuid = {7253DD78-63BB-4629-9191-75D4E1569940}
	EndGlobalSection
EndGlobal
